
Microsoft Visual Studio Solution File, Format Version 12.00
# Visual Studio 15
VisualStudioVersion = 15.0.27703.2018
MinimumVisualStudioVersion = 10.0.40219.1
Project("{888888A0-9F3D-457C-B088-3A5042F75D52}") = "img_cluster_to_txt", "img_cluster_to_txt\img_cluster_to_txt.pyproj", "{F0276DDC-E6A1-498E-A615-D269436D2724}"
EndProject
Global
	GlobalSection(SolutionConfigurationPlatforms) = preSolution
		Debug|Any CPU = Debug|Any CPU
		Release|Any CPU = Release|Any CPU
	EndGlobalSection
	GlobalSection(ProjectConfigurationPlatforms) = postSolution
		{F0276DDC-E6A1-498E-A615-D269436D2724}.Debug|Any CPU.ActiveCfg = Debug|Any CPU
		{F0276DDC-E6A1-498E-A615-D269436D2724}.Release|Any CPU.ActiveCfg = Release|Any CPU
	EndGlobalSection
	GlobalSection(SolutionProperties) = preSolution
		HideSolutionNode = FALSE
	EndGlobalSection
	GlobalSection(ExtensibilityGlobals) = postSolution
		SolutionGuid = {395D350D-E08C-4DF7-AB32-1F090D52F3E5}
	EndGlobalSection
EndGlobal
